github.com/nrtkbb/bufscan v0.0.0-20180904071105-4f357052231d h1:CICh0sTE5qpUCn1oO4prTmGLNuCuhabhA57+ILwccUo=
github.com/nrtkbb/bufscan v0.0.0-20180904071105-4f357052231d/go.mod h1:6RPV025k+FSYKBnla/opkKZphay1KR/63dviuRxD7SA=
github.com/nrtkbb/go-mayaascii v0.1.0 h1:QP1rYrjivPADQwHDQgnG/4V9Z85HIeEiMOqZuTglWHE=
github.com/nrtkbb/go-mayaascii v0.1.0/go.mod h1:6dq+u0tK0B8rx3XMwOD8Pw/vkOu8Bz8Tabd5CCTkMj4=
github.com/nrtkbb/go-mayaascii v0.1.1 h1:1fbqPFbfrSwBBJrpNKcCL5cicV7Xn//C2iAKlaBHmEM=
github.com/nrtkbb/go-mayaascii v0.1.1/go.mod h1:6dq+u0tK0B8rx3XMwOD8Pw/vkOu8Bz8Tabd5CCTkMj4=
github.com/nrtkbb/go-mayaascii v0.1.2 h1:myCokSEvQ/i9FPAdhuyVy+wZkWEBEZrnCsoIA06F/oc=
github.com/nrtkbb/go-mayaascii v0.1.2/go.mod h1:6dq+u0tK0B8rx3XMwOD8Pw/vkOu8Bz8Tabd5CCTkMj4=
